{
  "name": "vue",
  "lockfileVersion": 2,
  "requires": true,
  "packages": {
    "": {
      "dependencies": {
        "vform3-builds": "^3.0.8"
      }
    },
    "node_modules/vform3-builds": {
      "version": "3.0.8",
      "resolved": "https://registry.npmjs.org/vform3-builds/-/vform3-builds-3.0.8.tgz",
      "integrity": "sha512-ipfwAlFcZ87/asYmeYBqAtwXlq7pB4WRpwGsF2dW310GUmy8RrIm5sRklntTi4m6xuZCXwhkOFXkHokTOCkCpg=="
    }
  },
  "dependencies": {
    "vform3-builds": {
      "version": "3.0.8",
      "resolved": "https://registry.npmjs.org/vform3-builds/-/vform3-builds-3.0.8.tgz",
      "integrity": "sha512-ipfwAlFcZ87/asYmeYBqAtwXlq7pB4WRpwGsF2dW310GUmy8RrIm5sRklntTi4m6xuZCXwhkOFXkHokTOCkCpg=="
    }
  }
}
